<?xml version="1.0" encoding="utf-8"?>
<Project ToolsVersion="4.0" xmlns="http://schemas.microsoft.com/developer/msbuild/2003">
  <ItemGroup>
    <Filter Include="binfmt">
      <UniqueIdentifier>{b9dc5c1c-c76a-40fd-abbf-6e6afc3b960f}</UniqueIdentifier>
    </Filter>
    <Filter Include="common">
      <UniqueIdentifier>{47fb1fb1-d692-4fb7-a45e-e0a7a6fa8caf}</UniqueIdentifier>
    </Filter>
    <Filter Include="syscall">
      <UniqueIdentifier>{98a5eaca-cdd6-4edf-ba43-e9a789818762}</UniqueIdentifier>
    </Filter>
    <Filter Include="fs">
      <UniqueIdentifier>{b5499d5e-1549-4423-8644-e1c3d92fee62}</UniqueIdentifier>
    </Filter>
    <Filter Include="core">
      <UniqueIdentifier>{bf8b2302-bfb8-482c-bb5a-68176dce23d8}</UniqueIdentifier>
    </Filter>
    <Filter Include="dbt">
      <UniqueIdentifier>{02ac593e-eb9d-4e52-8b21-4974493b4fa6}</UniqueIdentifier>
    </Filter>
  </ItemGroup>
  <ItemGroup>
    <ClInclude Include="src\binfmt\elf.h">
      <Filter>binfmt</Filter>
    </ClInclude>
    <ClInclude Include="src\binfmt\elf-em.h">
      <Filter>binfmt</Filter>
    </ClInclude>
    <ClInclude Include="src\syscall\mm.h">
      <Filter>syscall</Filter>
    </ClInclude>
    <ClInclude Include="src\log.h" />
    <ClInclude Include="src\syscall\syscall.h">
      <Filter>syscall</Filter>
    </ClInclude>
    <ClInclude Include="src\syscall\process.h">
      <Filter>syscall</Filter>
    </ClInclude>
    <ClInclude Include="src\syscall\vfs.h">
      <Filter>syscall</Filter>
    </ClInclude>
    <ClInclude Include="src\common\errno.h">
      <Filter>common</Filter>
    </ClInclude>
    <ClInclude Include="src\common\mman.h">
      <Filter>common</Filter>
    </ClInclude>
    <ClInclude Include="src\common\types.h">
      <Filter>common</Filter>
    </ClInclude>
    <ClInclude Include="src\common\stat.h">
      <Filter>common</Filter>
    </ClInclude>
    <ClInclude Include="src\common\utsname.h">
      <Filter>common</Filter>
    </ClInclude>
    <ClInclude Include="src\common\ldt.h">
      <Filter>common</Filter>
    </ClInclude>
    <ClInclude Include="src\syscall\tls.h">
      <Filter>syscall</Filter>
    </ClInclude>
    <ClInclude Include="src\common\fcntl.h">
      <Filter>common</Filter>
    </ClInclude>
    <ClInclude Include="src\fs\file.h">
      <Filter>fs</Filter>
    </ClInclude>
    <ClInclude Include="src\common\auxvec.h">
      <Filter>common</Filter>
    </ClInclude>
    <ClInclude Include="src\fs\winfs.h">
      <Filter>fs</Filter>
    </ClInclude>
    <ClInclude Include="src\common\dirent.h">
      <Filter>common</Filter>
    </ClInclude>
    <ClInclude Include="src\ntdll.h" />
    <ClInclude Include="src\common\signal.h">
      <Filter>common</Filter>
    </ClInclude>
    <ClInclude Include="src\syscall\sig.h">
      <Filter>syscall</Filter>
    </ClInclude>
    <ClInclude Include="src\syscall\fork.h">
      <Filter>syscall</Filter>
    </ClInclude>
    <ClInclude Include="src\heap.h" />
    <ClInclude Include="src\common\ptrace.h">
      <Filter>common</Filter>
    </ClInclude>
    <ClInclude Include="src\common\sched.h">
      <Filter>common</Filter>
    </ClInclude>
    <ClInclude Include="src\common\wait.h">
      <Filter>common</Filter>
    </ClInclude>
    <ClInclude Include="src\syscall\exec.h">
      <Filter>syscall</Filter>
    </ClInclude>
    <ClInclude Include="src\str.h" />
    <ClInclude Include="src\fs\pipe.h">
      <Filter>fs</Filter>
    </ClInclude>
    <ClInclude Include="src\fs\console.h">
      <Filter>fs</Filter>
    </ClInclude>
    <ClInclude Include="src\common\ioctls.h">
      <Filter>common</Filter>
    </ClInclude>
    <ClInclude Include="src\common\termios.h">
      <Filter>common</Filter>
    </ClInclude>
    <ClInclude Include="src\common\resource.h">
      <Filter>common</Filter>
    </ClInclude>
    <ClInclude Include="src\common\utime.h">
      <Filter>common</Filter>
    </ClInclude>
    <ClInclude Include="src\common\uio.h">
      <Filter>common</Filter>
    </ClInclude>
    <ClInclude Include="src\fs\devfs.h">
      <Filter>fs</Filter>
    </ClInclude>
    <ClInclude Include="src\datetime.h" />
    <ClInclude Include="src\common\poll.h">
      <Filter>common</Filter>
    </ClInclude>
    <ClInclude Include="src\common\select.h">
      <Filter>common</Filter>
    </ClInclude>
    <ClInclude Include="src\core\core.h">
      <Filter>core</Filter>
    </ClInclude>
    <ClInclude Include="src\core\forward_list.h">
      <Filter>core</Filter>
    </ClInclude>
    <ClInclude Include="src\syscall\timer.h">
      <Filter>syscall</Filter>
    </ClInclude>
    <ClInclude Include="src\common\time.h">
      <Filter>common</Filter>
    </ClInclude>
    <ClInclude Include="src\platform.h" />
    <ClInclude Include="src\vsprintf.h" />
    <ClInclude Include="src\syscall\syscall_table_x64.h">
      <Filter>syscall</Filter>
    </ClInclude>
    <ClInclude Include="src\syscall\syscall_table_x86.h">
      <Filter>syscall</Filter>
    </ClInclude>
    <ClInclude Include="src\syscall\syscall_dispatch.h">
      <Filter>syscall</Filter>
    </ClInclude>
    <ClInclude Include="src\common\prctl.h">
      <Filter>common</Filter>
    </ClInclude>
    <ClInclude Include="src\fs\socket.h">
      <Filter>fs</Filter>
    </ClInclude>
    <ClInclude Include="src\common\futex.h">
      <Filter>common</Filter>
    </ClInclude>
    <ClInclude Include="src\dbt\x86.h">
      <Filter>dbt</Filter>
    </ClInclude>
    <ClInclude Include="src\dbt\x86_inst.h">
      <Filter>dbt</Filter>
    </ClInclude>
    <ClInclude Include="src\fs\null.h">
      <Filter>fs</Filter>
    </ClInclude>
    <ClInclude Include="src\fs\random.h">
      <Filter>fs</Filter>
    </ClInclude>
    <ClInclude Include="src\common\statfs.h">
      <Filter>common</Filter>
    </ClInclude>
    <ClInclude Include="src\common\net.h">
      <Filter>common</Filter>
    </ClInclude>
    <ClInclude Include="src\common\socket.h">
      <Filter>common</Filter>
    </ClInclude>
    <ClInclude Include="src\common\fs.h">
      <Filter>common</Filter>
    </ClInclude>
    <ClInclude Include="src\common\fadvise.h">
      <Filter>common</Filter>
    </ClInclude>
    <ClInclude Include="src\common\tcp.h">
      <Filter>common</Filter>
    </ClInclude>
    <ClInclude Include="src\common\sysinfo.h">
      <Filter>common</Filter>
    </ClInclude>
    <ClInclude Include="src\dbt\cpuid.h">
      <Filter>dbt</Filter>
    </ClInclude>
  </ItemGroup>
  <ItemGroup>
    <ClCompile Include="src\main.c" />
    <ClCompile Include="src\syscall\mm.c">
      <Filter>syscall</Filter>
    </ClCompile>
    <ClCompile Include="src\log.c" />
    <ClCompile Include="src\syscall\syscall.c">
      <Filter>syscall</Filter>
    </ClCompile>
    <ClCompile Include="src\syscall\process.c">
      <Filter>syscall</Filter>
    </ClCompile>
    <ClCompile Include="src\syscall\vfs.c">
      <Filter>syscall</Filter>
    </ClCompile>
    <ClCompile Include="src\syscall\tls.c">
      <Filter>syscall</Filter>
    </ClCompile>
    <ClCompile Include="src\fs\winfs.c">
      <Filter>fs</Filter>
    </ClCompile>
    <ClCompile Include="src\syscall\sig.c">
      <Filter>syscall</Filter>
    </ClCompile>
    <ClCompile Include="src\syscall\fork.c">
      <Filter>syscall</Filter>
    </ClCompile>
    <ClCompile Include="src\heap.c" />
    <ClCompile Include="src\syscall\exec.c">
      <Filter>syscall</Filter>
    </ClCompile>
    <ClCompile Include="src\str.c" />
    <ClCompile Include="src\fs\pipe.c">
      <Filter>fs</Filter>
    </ClCompile>
    <ClCompile Include="src\fs\console.c">
      <Filter>fs</Filter>
    </ClCompile>
    <ClCompile Include="src\fs\devfs.c">
      <Filter>fs</Filter>
    </ClCompile>
    <ClCompile Include="src\datetime.c" />
    <ClCompile Include="src\syscall\timer.c">
      <Filter>syscall</Filter>
    </ClCompile>
    <ClCompile Include="src\vsprintf.c" />
    <ClCompile Include="src\syscall\syscall_dispatch.c">
      <Filter>syscall</Filter>
    </ClCompile>
    <ClCompile Include="src\fs\socket.c">
      <Filter>fs</Filter>
    </ClCompile>
    <ClCompile Include="src\dbt\x86.c">
      <Filter>dbt</Filter>
    </ClCompile>
    <ClCompile Include="src\fs\null.c">
      <Filter>fs</Filter>
    </ClCompile>
    <ClCompile Include="src\fs\random.c">
      <Filter>fs</Filter>
    </ClCompile>
    <ClCompile Include="src\dbt\cpuid.c">
      <Filter>dbt</Filter>
    </ClCompile>
  </ItemGroup>
  <ItemGroup>
    <CustomBuild Include="src\ntdll.def" />
  </ItemGroup>
  <ItemGroup>
    <MASM Include="src\syscall\stubs64.asm">
      <Filter>syscall</Filter>
    </MASM>
    <MASM Include="src\syscall\stubs.asm">
      <Filter>syscall</Filter>
    </MASM>
    <MASM Include="src\dbt\x86_trampoline.asm">
      <Filter>dbt</Filter>
    </MASM>
  </ItemGroup>
</Project>