<?xml version="1.0" encoding="utf-8"?>
<Project ToolsVersion="4.0" xmlns="http://schemas.microsoft.com/developer/msbuild/2003">
  <ItemGroup>
    <Filter Include="binfmt">
      <UniqueIdentifier>{b9dc5c1c-c76a-40fd-abbf-6e6afc3b960f}</UniqueIdentifier>
    </Filter>
    <Filter Include="common">
      <UniqueIdentifier>{47fb1fb1-d692-4fb7-a45e-e0a7a6fa8caf}</UniqueIdentifier>
    </Filter>
    <Filter Include="syscall">
      <UniqueIdentifier>{98a5eaca-cdd6-4edf-ba43-e9a789818762}</UniqueIdentifier>
    </Filter>
    <Filter Include="fs">
      <UniqueIdentifier>{b5499d5e-1549-4423-8644-e1c3d92fee62}</UniqueIdentifier>
    </Filter>
  </ItemGroup>
  <ItemGroup>
    <ClInclude Include="src\binfmt\elf.h">
      <Filter>binfmt</Filter>
    </ClInclude>
    <ClInclude Include="src\binfmt\elf-em.h">
      <Filter>binfmt</Filter>
    </ClInclude>
    <ClInclude Include="src\syscall\mm.h">
      <Filter>syscall</Filter>
    </ClInclude>
    <ClInclude Include="src\log.h" />
    <ClInclude Include="src\syscall\syscall.h">
      <Filter>syscall</Filter>
    </ClInclude>
    <ClInclude Include="src\syscall\err.h">
      <Filter>syscall</Filter>
    </ClInclude>
    <ClInclude Include="src\syscall\syscall_table.h">
      <Filter>syscall</Filter>
    </ClInclude>
    <ClInclude Include="src\syscall\process.h">
      <Filter>syscall</Filter>
    </ClInclude>
    <ClInclude Include="src\syscall\vfs.h">
      <Filter>syscall</Filter>
    </ClInclude>
    <ClInclude Include="src\common\errno.h">
      <Filter>common</Filter>
    </ClInclude>
    <ClInclude Include="src\common\mman.h">
      <Filter>common</Filter>
    </ClInclude>
    <ClInclude Include="src\common\types.h">
      <Filter>common</Filter>
    </ClInclude>
    <ClInclude Include="src\common\stat.h">
      <Filter>common</Filter>
    </ClInclude>
    <ClInclude Include="src\fs\tty.h">
      <Filter>fs</Filter>
    </ClInclude>
    <ClInclude Include="src\common\utsname.h">
      <Filter>common</Filter>
    </ClInclude>
    <ClInclude Include="src\common\ldt.h">
      <Filter>common</Filter>
    </ClInclude>
    <ClInclude Include="src\syscall\tls.h">
      <Filter>syscall</Filter>
    </ClInclude>
    <ClInclude Include="src\syscall\x86_inst.h">
      <Filter>syscall</Filter>
    </ClInclude>
    <ClInclude Include="src\common\fcntl.h">
      <Filter>common</Filter>
    </ClInclude>
    <ClInclude Include="src\fs\file.h">
      <Filter>fs</Filter>
    </ClInclude>
    <ClInclude Include="src\common\auxvec.h">
      <Filter>common</Filter>
    </ClInclude>
    <ClInclude Include="src\fs\winfs.h">
      <Filter>fs</Filter>
    </ClInclude>
    <ClInclude Include="src\common\dirent.h">
      <Filter>common</Filter>
    </ClInclude>
    <ClInclude Include="src\ntdll.h" />
    <ClInclude Include="src\common\signal.h">
      <Filter>common</Filter>
    </ClInclude>
    <ClInclude Include="src\syscall\sig.h">
      <Filter>syscall</Filter>
    </ClInclude>
    <ClInclude Include="src\syscall\fork.h">
      <Filter>syscall</Filter>
    </ClInclude>
  </ItemGroup>
  <ItemGroup>
    <ClCompile Include="src\main.c" />
    <ClCompile Include="src\syscall\mm.c">
      <Filter>syscall</Filter>
    </ClCompile>
    <ClCompile Include="src\log.c" />
    <ClCompile Include="src\syscall\syscall.c">
      <Filter>syscall</Filter>
    </ClCompile>
    <ClCompile Include="src\syscall\err.c">
      <Filter>syscall</Filter>
    </ClCompile>
    <ClCompile Include="src\syscall\process.c">
      <Filter>syscall</Filter>
    </ClCompile>
    <ClCompile Include="src\syscall\vfs.c">
      <Filter>syscall</Filter>
    </ClCompile>
    <ClCompile Include="src\fs\tty.c">
      <Filter>fs</Filter>
    </ClCompile>
    <ClCompile Include="src\syscall\tls.c">
      <Filter>syscall</Filter>
    </ClCompile>
    <ClCompile Include="src\fs\winfs.c">
      <Filter>fs</Filter>
    </ClCompile>
    <ClCompile Include="src\syscall\sig.c">
      <Filter>syscall</Filter>
    </ClCompile>
    <ClCompile Include="src\syscall\fork.c">
      <Filter>syscall</Filter>
    </ClCompile>
  </ItemGroup>
  <ItemGroup>
    <CustomBuild Include="src\ntdll.def" />
  </ItemGroup>
</Project>