<?xml version="1.0" encoding="utf-8"?>
<Project ToolsVersion="4.0" xmlns="http://schemas.microsoft.com/developer/msbuild/2003">
  <ItemGroup>
    <ClCompile Include="src\main.c" />
    <ClCompile Include="src\console.c" />
    <ClCompile Include="src\wcwidth.c" />
    <ClCompile Include="src\utf8.c" />
    <ClCompile Include="src\vsprintf.c" />
  </ItemGroup>
  <ItemGroup>
    <ClInclude Include="src\console.h" />
    <ClInclude Include="src\utf8.h" />
    <ClInclude Include="src\vsprintf.h" />
  </ItemGroup>
</Project>