<?xml version="1.0" encoding="utf-8"?>
<Project ToolsVersion="4.0" xmlns="http://schemas.microsoft.com/developer/msbuild/2003">
  <ItemGroup>
    <None Include="packages.config" />
  </ItemGroup>
  <ItemGroup>
    <ClCompile Include="src\Main.cpp" />
    <ClCompile Include="src\MainWindow.cpp" />
    <ClCompile Include="src\pch.cpp" />
    <ClCompile Include="src\LogServer.cpp" />
    <ClCompile Include="src\LogViewer.cpp" />
  </ItemGroup>
  <ItemGroup>
    <ClInclude Include="src\MainWindow.h" />
    <ClInclude Include="src\Resource.h" />
    <ClInclude Include="src\pch.h" />
    <ClInclude Include="src\LogServer.h" />
    <ClInclude Include="src\LogViewer.h" />
  </ItemGroup>
  <ItemGroup>
    <ResourceCompile Include="src\Resource.rc" />
  </ItemGroup>
</Project>